
Microsoft Visual Studio Solution File, Format Version 12.00
# Visual Studio 15
VisualStudioVersion = 15.0.26430.12
MinimumVisualStudioVersion = 10.0.40219.1
Project("{FAE04EC0-301F-11D3-BF4B-00C04F79EFBC}") = "Contract", "src\Contract\Contract.csproj", "{D47D8FD4-3D63-4172-8F12-470650DA225E}"
EndProject
Project("{FAE04EC0-301F-11D3-BF4B-00C04F79EFBC}") = "Contract.Test", "src\Contract.Test\Contract.Test.csproj", "{5EF15CC1-896B-4014-A679-CCC8756192A8}"
EndProject
Project("{FAE04EC0-301F-11D3-BF4B-00C04F79EFBC}") = "Encryption", "src\Encryption\Encryption.csproj", "{A324CCE8-8E12-4CAC-9981-1C0C4A5CE57C}"
EndProject
Project("{FAE04EC0-301F-11D3-BF4B-00C04F79EFBC}") = "Encryption.Test", "src\Encryption.Test\Encryption.Test.csproj", "{3470EC64-930B-49ED-9B3A-BFD9623F943A}"
EndProject
Project("{FAE04EC0-301F-11D3-BF4B-00C04F79EFBC}") = "Storage", "src\Storage\Storage.csproj", "{05ECA464-D3B5-461C-B90D-1B5D0B01FD94}"
EndProject
Project("{FAE04EC0-301F-11D3-BF4B-00C04F79EFBC}") = "Storage.Test", "src\Storage.Test\Storage.Test.csproj", "{90FFE4CE-ABAD-4402-9A6D-F7AFE42B5347}"
EndProject
Project("{2150E333-8FDC-42A3-9474-1A3956D46DE8}") = "Client EHF", "Client EHF", "{9FA83D62-F622-4F26-B1B9-329F35D5FED6}"
EndProject
Project("{2150E333-8FDC-42A3-9474-1A3956D46DE8}") = "Backend", "Backend", "{7D56E864-73A9-40A0-A0A0-6A58CFFDA41B}"
EndProject
Project("{2150E333-8FDC-42A3-9474-1A3956D46DE8}") = "Core", "Core", "{F8BEA1D3-AFD2-4F96-8E8B-0037F894255A}"
EndProject
Project("{FAE04EC0-301F-11D3-BF4B-00C04F79EFBC}") = "NAM.Presentation", "src\Client\NAM.Presentation\NAM.Presentation.csproj", "{A65CB0E0-2DA2-46E4-8416-DB074A930994}"
EndProject
Project("{FAE04EC0-301F-11D3-BF4B-00C04F79EFBC}") = "Encryption.NitroKey", "src\Encryption.NitroKey\Encryption.NitroKey.csproj", "{76666989-FA10-49E2-A5C5-43AF0C5BF01C}"
EndProject
Project("{FAE04EC0-301F-11D3-BF4B-00C04F79EFBC}") = "EHF.Presentation", "src\EHF.Presentation\EHF.Presentation.csproj", "{491DE712-062D-4EC5-A0B6-A46E7C7B27E4}"
EndProject
Project("{FAE04EC0-301F-11D3-BF4B-00C04F79EFBC}") = "Encryption.NitroKey.Test", "src\Encryption.NitroKey.Test\Encryption.NitroKey.Test.csproj", "{6ABB9C57-8743-47F7-A47B-0033C3697C39}"
EndProject
Project("{2150E333-8FDC-42A3-9474-1A3956D46DE8}") = "Test", "Test", "{4EC2DEF2-8A0C-446F-8D18-63556DFD7176}"
EndProject
Project("{FAE04EC0-301F-11D3-BF4B-00C04F79EFBC}") = "TestHelper", "src\TestBase\TestHelper.csproj", "{4810F571-AEC5-44BB-8409-482A1A9CEA42}"
EndProject
Project("{FAE04EC0-301F-11D3-BF4B-00C04F79EFBC}") = "Encryption.Hybrid", "src\Encryption.Hybrid\Encryption.Hybrid.csproj", "{A46B6AE4-6B8F-4E1F-BED8-5C359F35117C}"
EndProject
Project("{FAE04EC0-301F-11D3-BF4B-00C04F79EFBC}") = "Encryption.Hybrid.Test", "src\Encryption.Hybrid.Test\Encryption.Hybrid.Test.csproj", "{5844CB05-E5DF-410D-B1DE-64F4DE8D2078}"
EndProject
Project("{2150E333-8FDC-42A3-9474-1A3956D46DE8}") = "Client NAM", "Client NAM", "{25BD10D4-FE5B-45D0-83F5-668A911A53C7}"
EndProject
Global
	GlobalSection(SolutionConfigurationPlatforms) = preSolution
		Debug|Any CPU = Debug|Any CPU
		Release|Any CPU = Release|Any CPU
	EndGlobalSection
	GlobalSection(ProjectConfigurationPlatforms) = postSolution
		{D47D8FD4-3D63-4172-8F12-470650DA225E}.Debug|Any CPU.ActiveCfg = Debug|Any CPU
		{D47D8FD4-3D63-4172-8F12-470650DA225E}.Debug|Any CPU.Build.0 = Debug|Any CPU
		{D47D8FD4-3D63-4172-8F12-470650DA225E}.Release|Any CPU.ActiveCfg = Release|Any CPU
		{D47D8FD4-3D63-4172-8F12-470650DA225E}.Release|Any CPU.Build.0 = Release|Any CPU
		{5EF15CC1-896B-4014-A679-CCC8756192A8}.Debug|Any CPU.ActiveCfg = Debug|Any CPU
		{5EF15CC1-896B-4014-A679-CCC8756192A8}.Debug|Any CPU.Build.0 = Debug|Any CPU
		{5EF15CC1-896B-4014-A679-CCC8756192A8}.Release|Any CPU.ActiveCfg = Release|Any CPU
		{5EF15CC1-896B-4014-A679-CCC8756192A8}.Release|Any CPU.Build.0 = Release|Any CPU
		{A324CCE8-8E12-4CAC-9981-1C0C4A5CE57C}.Debug|Any CPU.ActiveCfg = Debug|Any CPU
		{A324CCE8-8E12-4CAC-9981-1C0C4A5CE57C}.Debug|Any CPU.Build.0 = Debug|Any CPU
		{A324CCE8-8E12-4CAC-9981-1C0C4A5CE57C}.Release|Any CPU.ActiveCfg = Release|Any CPU
		{A324CCE8-8E12-4CAC-9981-1C0C4A5CE57C}.Release|Any CPU.Build.0 = Release|Any CPU
		{3470EC64-930B-49ED-9B3A-BFD9623F943A}.Debug|Any CPU.ActiveCfg = Debug|Any CPU
		{3470EC64-930B-49ED-9B3A-BFD9623F943A}.Debug|Any CPU.Build.0 = Debug|Any CPU
		{3470EC64-930B-49ED-9B3A-BFD9623F943A}.Release|Any CPU.ActiveCfg = Release|Any CPU
		{3470EC64-930B-49ED-9B3A-BFD9623F943A}.Release|Any CPU.Build.0 = Release|Any CPU
		{05ECA464-D3B5-461C-B90D-1B5D0B01FD94}.Debug|Any CPU.ActiveCfg = Debug|Any CPU
		{05ECA464-D3B5-461C-B90D-1B5D0B01FD94}.Debug|Any CPU.Build.0 = Debug|Any CPU
		{05ECA464-D3B5-461C-B90D-1B5D0B01FD94}.Release|Any CPU.ActiveCfg = Release|Any CPU
		{05ECA464-D3B5-461C-B90D-1B5D0B01FD94}.Release|Any CPU.Build.0 = Release|Any CPU
		{90FFE4CE-ABAD-4402-9A6D-F7AFE42B5347}.Debug|Any CPU.ActiveCfg = Debug|Any CPU
		{90FFE4CE-ABAD-4402-9A6D-F7AFE42B5347}.Debug|Any CPU.Build.0 = Debug|Any CPU
		{90FFE4CE-ABAD-4402-9A6D-F7AFE42B5347}.Release|Any CPU.ActiveCfg = Release|Any CPU
		{90FFE4CE-ABAD-4402-9A6D-F7AFE42B5347}.Release|Any CPU.Build.0 = Release|Any CPU
		{A65CB0E0-2DA2-46E4-8416-DB074A930994}.Debug|Any CPU.ActiveCfg = Debug|Any CPU
		{A65CB0E0-2DA2-46E4-8416-DB074A930994}.Debug|Any CPU.Build.0 = Debug|Any CPU
		{A65CB0E0-2DA2-46E4-8416-DB074A930994}.Release|Any CPU.ActiveCfg = Release|Any CPU
		{A65CB0E0-2DA2-46E4-8416-DB074A930994}.Release|Any CPU.Build.0 = Release|Any CPU
		{76666989-FA10-49E2-A5C5-43AF0C5BF01C}.Debug|Any CPU.ActiveCfg = Debug|Any CPU
		{76666989-FA10-49E2-A5C5-43AF0C5BF01C}.Debug|Any CPU.Build.0 = Debug|Any CPU
		{76666989-FA10-49E2-A5C5-43AF0C5BF01C}.Release|Any CPU.ActiveCfg = Release|Any CPU
		{76666989-FA10-49E2-A5C5-43AF0C5BF01C}.Release|Any CPU.Build.0 = Release|Any CPU
		{491DE712-062D-4EC5-A0B6-A46E7C7B27E4}.Debug|Any CPU.ActiveCfg = Debug|Any CPU
		{491DE712-062D-4EC5-A0B6-A46E7C7B27E4}.Debug|Any CPU.Build.0 = Debug|Any CPU
		{491DE712-062D-4EC5-A0B6-A46E7C7B27E4}.Release|Any CPU.ActiveCfg = Release|Any CPU
		{491DE712-062D-4EC5-A0B6-A46E7C7B27E4}.Release|Any CPU.Build.0 = Release|Any CPU
		{6ABB9C57-8743-47F7-A47B-0033C3697C39}.Debug|Any CPU.ActiveCfg = Debug|Any CPU
		{6ABB9C57-8743-47F7-A47B-0033C3697C39}.Debug|Any CPU.Build.0 = Debug|Any CPU
		{6ABB9C57-8743-47F7-A47B-0033C3697C39}.Release|Any CPU.ActiveCfg = Release|Any CPU
		{6ABB9C57-8743-47F7-A47B-0033C3697C39}.Release|Any CPU.Build.0 = Release|Any CPU
		{4810F571-AEC5-44BB-8409-482A1A9CEA42}.Debug|Any CPU.ActiveCfg = Debug|Any CPU
		{4810F571-AEC5-44BB-8409-482A1A9CEA42}.Debug|Any CPU.Build.0 = Debug|Any CPU
		{4810F571-AEC5-44BB-8409-482A1A9CEA42}.Release|Any CPU.ActiveCfg = Release|Any CPU
		{4810F571-AEC5-44BB-8409-482A1A9CEA42}.Release|Any CPU.Build.0 = Release|Any CPU
		{A46B6AE4-6B8F-4E1F-BED8-5C359F35117C}.Debug|Any CPU.ActiveCfg = Debug|Any CPU
		{A46B6AE4-6B8F-4E1F-BED8-5C359F35117C}.Debug|Any CPU.Build.0 = Debug|Any CPU
		{A46B6AE4-6B8F-4E1F-BED8-5C359F35117C}.Release|Any CPU.ActiveCfg = Release|Any CPU
		{A46B6AE4-6B8F-4E1F-BED8-5C359F35117C}.Release|Any CPU.Build.0 = Release|Any CPU
		{5844CB05-E5DF-410D-B1DE-64F4DE8D2078}.Debug|Any CPU.ActiveCfg = Debug|Any CPU
		{5844CB05-E5DF-410D-B1DE-64F4DE8D2078}.Debug|Any CPU.Build.0 = Debug|Any CPU
		{5844CB05-E5DF-410D-B1DE-64F4DE8D2078}.Release|Any CPU.ActiveCfg = Release|Any CPU
		{5844CB05-E5DF-410D-B1DE-64F4DE8D2078}.Release|Any CPU.Build.0 = Release|Any CPU
	EndGlobalSection
	GlobalSection(SolutionProperties) = preSolution
		HideSolutionNode = FALSE
	EndGlobalSection
	GlobalSection(NestedProjects) = preSolution
		{D47D8FD4-3D63-4172-8F12-470650DA225E} = {F8BEA1D3-AFD2-4F96-8E8B-0037F894255A}
		{5EF15CC1-896B-4014-A679-CCC8756192A8} = {4EC2DEF2-8A0C-446F-8D18-63556DFD7176}
		{A324CCE8-8E12-4CAC-9981-1C0C4A5CE57C} = {F8BEA1D3-AFD2-4F96-8E8B-0037F894255A}
		{3470EC64-930B-49ED-9B3A-BFD9623F943A} = {4EC2DEF2-8A0C-446F-8D18-63556DFD7176}
		{05ECA464-D3B5-461C-B90D-1B5D0B01FD94} = {F8BEA1D3-AFD2-4F96-8E8B-0037F894255A}
		{90FFE4CE-ABAD-4402-9A6D-F7AFE42B5347} = {4EC2DEF2-8A0C-446F-8D18-63556DFD7176}
		{A65CB0E0-2DA2-46E4-8416-DB074A930994} = {25BD10D4-FE5B-45D0-83F5-668A911A53C7}
		{76666989-FA10-49E2-A5C5-43AF0C5BF01C} = {F8BEA1D3-AFD2-4F96-8E8B-0037F894255A}
		{491DE712-062D-4EC5-A0B6-A46E7C7B27E4} = {9FA83D62-F622-4F26-B1B9-329F35D5FED6}
		{6ABB9C57-8743-47F7-A47B-0033C3697C39} = {4EC2DEF2-8A0C-446F-8D18-63556DFD7176}
		{4810F571-AEC5-44BB-8409-482A1A9CEA42} = {4EC2DEF2-8A0C-446F-8D18-63556DFD7176}
		{A46B6AE4-6B8F-4E1F-BED8-5C359F35117C} = {F8BEA1D3-AFD2-4F96-8E8B-0037F894255A}
		{5844CB05-E5DF-410D-B1DE-64F4DE8D2078} = {4EC2DEF2-8A0C-446F-8D18-63556DFD7176}
	EndGlobalSection
EndGlobal
