
Microsoft Visual Studio Solution File, Format Version 12.00
# Visual Studio 15
VisualStudioVersion = 15.0.26430.12
MinimumVisualStudioVersion = 10.0.40219.1
Project("{FAE04EC0-301F-11D3-BF4B-00C04F79EFBC}") = "Storage", "src\Storage\Storage.csproj", "{05ECA464-D3B5-461C-B90D-1B5D0B01FD94}"
EndProject
Project("{FAE04EC0-301F-11D3-BF4B-00C04F79EFBC}") = "Storage.Test", "src\Storage.Test\Storage.Test.csproj", "{90FFE4CE-ABAD-4402-9A6D-F7AFE42B5347}"
EndProject
Project("{FAE04EC0-301F-11D3-BF4B-00C04F79EFBC}") = "EccHsmEncryptor.Presentation", "src\EHF.Presentation\EccHsmEncryptor.Presentation.csproj", "{491DE712-062D-4EC5-A0B6-A46E7C7B27E4}"
EndProject
Global
	GlobalSection(SolutionConfigurationPlatforms) = preSolution
		Debug|Any CPU = Debug|Any CPU
		Release|Any CPU = Release|Any CPU
	EndGlobalSection
	GlobalSection(ProjectConfigurationPlatforms) = postSolution
		{05ECA464-D3B5-461C-B90D-1B5D0B01FD94}.Debug|Any CPU.ActiveCfg = Debug|Any CPU
		{05ECA464-D3B5-461C-B90D-1B5D0B01FD94}.Debug|Any CPU.Build.0 = Debug|Any CPU
		{05ECA464-D3B5-461C-B90D-1B5D0B01FD94}.Release|Any CPU.ActiveCfg = Release|Any CPU
		{05ECA464-D3B5-461C-B90D-1B5D0B01FD94}.Release|Any CPU.Build.0 = Release|Any CPU
		{90FFE4CE-ABAD-4402-9A6D-F7AFE42B5347}.Debug|Any CPU.ActiveCfg = Debug|Any CPU
		{90FFE4CE-ABAD-4402-9A6D-F7AFE42B5347}.Debug|Any CPU.Build.0 = Debug|Any CPU
		{90FFE4CE-ABAD-4402-9A6D-F7AFE42B5347}.Release|Any CPU.ActiveCfg = Release|Any CPU
		{90FFE4CE-ABAD-4402-9A6D-F7AFE42B5347}.Release|Any CPU.Build.0 = Release|Any CPU
		{491DE712-062D-4EC5-A0B6-A46E7C7B27E4}.Debug|Any CPU.ActiveCfg = Debug|Any CPU
		{491DE712-062D-4EC5-A0B6-A46E7C7B27E4}.Debug|Any CPU.Build.0 = Debug|Any CPU
		{491DE712-062D-4EC5-A0B6-A46E7C7B27E4}.Release|Any CPU.ActiveCfg = Release|Any CPU
		{491DE712-062D-4EC5-A0B6-A46E7C7B27E4}.Release|Any CPU.Build.0 = Release|Any CPU
	EndGlobalSection
	GlobalSection(SolutionProperties) = preSolution
		HideSolutionNode = FALSE
	EndGlobalSection
EndGlobal
